
Microsoft Visual Studio Solution File, Format Version 12.00
# Visual Studio Version 16
VisualStudioVersion = 16.0.32413.511
MinimumVisualStudioVersion = 10.0.40219.1
Project("{FAE04EC0-301F-11D3-BF4B-00C04F79EFBC}") = "Remove Duplicates from Sorted List", "Remove Duplicates from Sorted List\Remove Duplicates from Sorted List.csproj", "{71734C0E-9354-43D5-90BA-68D8F294ACAE}"
EndProject
Global
	GlobalSection(SolutionConfigurationPlatforms) = preSolution
		Debug|Any CPU = Debug|Any CPU
		Release|Any CPU = Release|Any CPU
	EndGlobalSection
	GlobalSection(ProjectConfigurationPlatforms) = postSolution
		{71734C0E-9354-43D5-90BA-68D8F294ACAE}.Debug|Any CPU.ActiveCfg = Debug|Any CPU
		{71734C0E-9354-43D5-90BA-68D8F294ACAE}.Debug|Any CPU.Build.0 = Debug|Any CPU
		{71734C0E-9354-43D5-90BA-68D8F294ACAE}.Release|Any CPU.ActiveCfg = Release|Any CPU
		{71734C0E-9354-43D5-90BA-68D8F294ACAE}.Release|Any CPU.Build.0 = Release|Any CPU
	EndGlobalSection
	GlobalSection(SolutionProperties) = preSolution
		HideSolutionNode = FALSE
	EndGlobalSection
	GlobalSection(ExtensibilityGlobals) = postSolution
		SolutionGuid = {DC2AD73C-2E60-43D0-A544-8945D18E5561}
	EndGlobalSection
EndGlobal
